
Microsoft Visual Studio Solution File, Format Version 12.00
# Visual Studio Version 17
VisualStudioVersion = 17.9.34728.123
MinimumVisualStudioVersion = 10.0.40219.1
Project("{9A19103F-16F7-4668-BE54-9A1E7A4F7556}") = "UniversityWebApp", "PracticeWebApp\UniversityWebApp.csproj", "{A663E9C9-FCC8-45BB-B398-9E5D6627F14B}"
EndProject
Project("{FAE04EC0-301F-11D3-BF4B-00C04F79EFBC}") = "IdentityServer", "IdentityServer\IdentityServer.csproj", "{EB037158-9C9C-401A-B9A7-596CECA76843}"
EndProject
Global
	GlobalSection(SolutionConfigurationPlatforms) = preSolution
		Debug|Any CPU = Debug|Any CPU
		Release|Any CPU = Release|Any CPU
	EndGlobalSection
	GlobalSection(ProjectConfigurationPlatforms) = postSolution
		{A663E9C9-FCC8-45BB-B398-9E5D6627F14B}.Debug|Any CPU.ActiveCfg = Debug|Any CPU
		{A663E9C9-FCC8-45BB-B398-9E5D6627F14B}.Debug|Any CPU.Build.0 = Debug|Any CPU
		{A663E9C9-FCC8-45BB-B398-9E5D6627F14B}.Release|Any CPU.ActiveCfg = Release|Any CPU
		{A663E9C9-FCC8-45BB-B398-9E5D6627F14B}.Release|Any CPU.Build.0 = Release|Any CPU
		{EB037158-9C9C-401A-B9A7-596CECA76843}.Debug|Any CPU.ActiveCfg = Debug|Any CPU
		{EB037158-9C9C-401A-B9A7-596CECA76843}.Debug|Any CPU.Build.0 = Debug|Any CPU
		{EB037158-9C9C-401A-B9A7-596CECA76843}.Release|Any CPU.ActiveCfg = Release|Any CPU
		{EB037158-9C9C-401A-B9A7-596CECA76843}.Release|Any CPU.Build.0 = Release|Any CPU
	EndGlobalSection
	GlobalSection(SolutionProperties) = preSolution
		HideSolutionNode = FALSE
	EndGlobalSection
	GlobalSection(ExtensibilityGlobals) = postSolution
		SolutionGuid = {94251F09-75AF-4234-9FA2-4BD99FDA7651}
	EndGlobalSection
EndGlobal
